
Microsoft Visual Studio Solution File, Format Version 12.00
# Visual Studio Version 17
VisualStudioVersion = 17.8.34525.116
MinimumVisualStudioVersion = 10.0.40219.1
Project("{2150E333-8FDC-42A3-9474-1A3956D46DE8}") = "Microservices", "Microservices", "{ADFA7FC5-A0EF-469E-8023-E4C2A4395FEC}"
EndProject
Project("{2150E333-8FDC-42A3-9474-1A3956D46DE8}") = "Catalog", "Catalog", "{E71FE67B-9C05-4B07-AD0D-E73136579D7B}"
EndProject
Project("{9A19103F-16F7-4668-BE54-9A1E7A4F7556}") = "Catalog.API", "Microservices\Catalog\Catalog.API\Catalog.API.csproj", "{9648529D-2655-4684-9FEA-EE336DB2FC2A}"
EndProject
Project("{2150E333-8FDC-42A3-9474-1A3956D46DE8}") = "Common", "Common", "{2F57F1D6-49AE-416B-AF7F-F1132C839A96}"
EndProject
Project("{9A19103F-16F7-4668-BE54-9A1E7A4F7556}") = "Common", "Common\Common.csproj", "{2B1C8946-7FBC-468F-9BC3-F37C021C84F1}"
EndProject
Project("{E53339B2-1760-4266-BCC7-CA923CBCF16C}") = "docker-compose", "docker-compose.dcproj", "{554127F4-5923-4DD8-8020-2B60108A4CCA}"
EndProject
Project("{2150E333-8FDC-42A3-9474-1A3956D46DE8}") = "Basket", "Basket", "{FCF17436-253A-4243-8EC8-5CB3B525175E}"
EndProject
Project("{9A19103F-16F7-4668-BE54-9A1E7A4F7556}") = "Basket.API", "Microservices\Basket\Basket.API\Basket.API.csproj", "{E31EDD84-17AA-4508-B378-408EAEFF42C7}"
EndProject
Project("{2150E333-8FDC-42A3-9474-1A3956D46DE8}") = "Discount", "Discount", "{01503D66-23BE-4742-B6AD-AB17FE74430E}"
EndProject
Project("{FAE04EC0-301F-11D3-BF4B-00C04F79EFBC}") = "Discount.Grpc", "Microservices\Discount\Discount.Grpc\Discount.Grpc.csproj", "{A29D122A-2D04-4375-91FF-B72E2A9C5CDA}"
EndProject
Global
	GlobalSection(SolutionConfigurationPlatforms) = preSolution
		Debug|Any CPU = Debug|Any CPU
		Release|Any CPU = Release|Any CPU
	EndGlobalSection
	GlobalSection(ProjectConfigurationPlatforms) = postSolution
		{9648529D-2655-4684-9FEA-EE336DB2FC2A}.Debug|Any CPU.ActiveCfg = Debug|Any CPU
		{9648529D-2655-4684-9FEA-EE336DB2FC2A}.Debug|Any CPU.Build.0 = Debug|Any CPU
		{9648529D-2655-4684-9FEA-EE336DB2FC2A}.Release|Any CPU.ActiveCfg = Release|Any CPU
		{9648529D-2655-4684-9FEA-EE336DB2FC2A}.Release|Any CPU.Build.0 = Release|Any CPU
		{2B1C8946-7FBC-468F-9BC3-F37C021C84F1}.Debug|Any CPU.ActiveCfg = Debug|Any CPU
		{2B1C8946-7FBC-468F-9BC3-F37C021C84F1}.Debug|Any CPU.Build.0 = Debug|Any CPU
		{2B1C8946-7FBC-468F-9BC3-F37C021C84F1}.Release|Any CPU.ActiveCfg = Release|Any CPU
		{2B1C8946-7FBC-468F-9BC3-F37C021C84F1}.Release|Any CPU.Build.0 = Release|Any CPU
		{554127F4-5923-4DD8-8020-2B60108A4CCA}.Debug|Any CPU.ActiveCfg = Debug|Any CPU
		{554127F4-5923-4DD8-8020-2B60108A4CCA}.Debug|Any CPU.Build.0 = Debug|Any CPU
		{554127F4-5923-4DD8-8020-2B60108A4CCA}.Release|Any CPU.ActiveCfg = Release|Any CPU
		{554127F4-5923-4DD8-8020-2B60108A4CCA}.Release|Any CPU.Build.0 = Release|Any CPU
		{E31EDD84-17AA-4508-B378-408EAEFF42C7}.Debug|Any CPU.ActiveCfg = Debug|Any CPU
		{E31EDD84-17AA-4508-B378-408EAEFF42C7}.Debug|Any CPU.Build.0 = Debug|Any CPU
		{E31EDD84-17AA-4508-B378-408EAEFF42C7}.Release|Any CPU.ActiveCfg = Release|Any CPU
		{E31EDD84-17AA-4508-B378-408EAEFF42C7}.Release|Any CPU.Build.0 = Release|Any CPU
		{A29D122A-2D04-4375-91FF-B72E2A9C5CDA}.Debug|Any CPU.ActiveCfg = Debug|Any CPU
		{A29D122A-2D04-4375-91FF-B72E2A9C5CDA}.Debug|Any CPU.Build.0 = Debug|Any CPU
		{A29D122A-2D04-4375-91FF-B72E2A9C5CDA}.Release|Any CPU.ActiveCfg = Release|Any CPU
		{A29D122A-2D04-4375-91FF-B72E2A9C5CDA}.Release|Any CPU.Build.0 = Release|Any CPU
	EndGlobalSection
	GlobalSection(SolutionProperties) = preSolution
		HideSolutionNode = FALSE
	EndGlobalSection
	GlobalSection(NestedProjects) = preSolution
		{E71FE67B-9C05-4B07-AD0D-E73136579D7B} = {ADFA7FC5-A0EF-469E-8023-E4C2A4395FEC}
		{9648529D-2655-4684-9FEA-EE336DB2FC2A} = {E71FE67B-9C05-4B07-AD0D-E73136579D7B}
		{2B1C8946-7FBC-468F-9BC3-F37C021C84F1} = {2F57F1D6-49AE-416B-AF7F-F1132C839A96}
		{FCF17436-253A-4243-8EC8-5CB3B525175E} = {ADFA7FC5-A0EF-469E-8023-E4C2A4395FEC}
		{E31EDD84-17AA-4508-B378-408EAEFF42C7} = {FCF17436-253A-4243-8EC8-5CB3B525175E}
		{01503D66-23BE-4742-B6AD-AB17FE74430E} = {ADFA7FC5-A0EF-469E-8023-E4C2A4395FEC}
		{A29D122A-2D04-4375-91FF-B72E2A9C5CDA} = {01503D66-23BE-4742-B6AD-AB17FE74430E}
	EndGlobalSection
	GlobalSection(ExtensibilityGlobals) = postSolution
		SolutionGuid = {88691493-6508-468C-B164-147C362C68EE}
	EndGlobalSection
EndGlobal
