
Microsoft Visual Studio Solution File, Format Version 12.00
# Visual Studio Version 17
VisualStudioVersion = 17.8.34525.116
MinimumVisualStudioVersion = 10.0.40219.1
Project("{2150E333-8FDC-42A3-9474-1A3956D46DE8}") = "Microservices", "Microservices", "{ADFA7FC5-A0EF-469E-8023-E4C2A4395FEC}"
EndProject
Project("{2150E333-8FDC-42A3-9474-1A3956D46DE8}") = "Catalog", "Catalog", "{E71FE67B-9C05-4B07-AD0D-E73136579D7B}"
EndProject
Project("{9A19103F-16F7-4668-BE54-9A1E7A4F7556}") = "Catalog.API", "Microservices\Catalog\Catalog.API\Catalog.API.csproj", "{9648529D-2655-4684-9FEA-EE336DB2FC2A}"
EndProject
Project("{2150E333-8FDC-42A3-9474-1A3956D46DE8}") = "Common", "Common", "{2F57F1D6-49AE-416B-AF7F-F1132C839A96}"
EndProject
Project("{9A19103F-16F7-4668-BE54-9A1E7A4F7556}") = "Common", "Common\Common.csproj", "{2B1C8946-7FBC-468F-9BC3-F37C021C84F1}"
EndProject
Project("{E53339B2-1760-4266-BCC7-CA923CBCF16C}") = "docker-compose", "docker-compose.dcproj", "{554127F4-5923-4DD8-8020-2B60108A4CCA}"
EndProject
Project("{2150E333-8FDC-42A3-9474-1A3956D46DE8}") = "Basket", "Basket", "{FCF17436-253A-4243-8EC8-5CB3B525175E}"
EndProject
Project("{9A19103F-16F7-4668-BE54-9A1E7A4F7556}") = "Basket.API", "Microservices\Basket\Basket.API\Basket.API.csproj", "{E31EDD84-17AA-4508-B378-408EAEFF42C7}"
EndProject
Project("{2150E333-8FDC-42A3-9474-1A3956D46DE8}") = "Discount", "Discount", "{01503D66-23BE-4742-B6AD-AB17FE74430E}"
EndProject
Project("{9A19103F-16F7-4668-BE54-9A1E7A4F7556}") = "Discount.Grpc", "Microservices\Discount\Discount.Grpc\Discount.Grpc.csproj", "{A29D122A-2D04-4375-91FF-B72E2A9C5CDA}"
EndProject
Project("{2150E333-8FDC-42A3-9474-1A3956D46DE8}") = "Ordering", "Ordering", "{B2D3CC36-DB06-425D-B764-6C4831B0491D}"
EndProject
Project("{9A19103F-16F7-4668-BE54-9A1E7A4F7556}") = "Ordering.API", "Microservices\Ordering\Ordering.API\Ordering.API.csproj", "{EC5A501F-C40E-4E04-84C2-47298610B6A0}"
EndProject
Project("{9A19103F-16F7-4668-BE54-9A1E7A4F7556}") = "Ordering.Domain", "Microservices\Ordering\Ordering.Domain\Ordering.Domain.csproj", "{70872184-30B7-45D0-85A4-C2624F836554}"
EndProject
Project("{9A19103F-16F7-4668-BE54-9A1E7A4F7556}") = "Ordering.Application", "Microservices\Ordering\Ordering.Application\Ordering.Application.csproj", "{5A9771A4-12CD-4DBF-A75C-A99C1E30F4B2}"
EndProject
Project("{9A19103F-16F7-4668-BE54-9A1E7A4F7556}") = "Ordering.Infrastructure", "Microservices\Ordering\Ordering.Infrastructure\Ordering.Infrastructure.csproj", "{EFB1D5AC-0912-4316-80C9-A490493E5130}"
EndProject
Project("{FAE04EC0-301F-11D3-BF4B-00C04F79EFBC}") = "Common.Messaging", "Common.Messaging\Common.Messaging.csproj", "{111EA1DF-0BB4-43B7-A591-C9C9E9E910BF}"
EndProject
Global
	GlobalSection(SolutionConfigurationPlatforms) = preSolution
		Debug|Any CPU = Debug|Any CPU
		Release|Any CPU = Release|Any CPU
	EndGlobalSection
	GlobalSection(ProjectConfigurationPlatforms) = postSolution
		{9648529D-2655-4684-9FEA-EE336DB2FC2A}.Debug|Any CPU.ActiveCfg = Debug|Any CPU
		{9648529D-2655-4684-9FEA-EE336DB2FC2A}.Debug|Any CPU.Build.0 = Debug|Any CPU
		{9648529D-2655-4684-9FEA-EE336DB2FC2A}.Release|Any CPU.ActiveCfg = Release|Any CPU
		{9648529D-2655-4684-9FEA-EE336DB2FC2A}.Release|Any CPU.Build.0 = Release|Any CPU
		{2B1C8946-7FBC-468F-9BC3-F37C021C84F1}.Debug|Any CPU.ActiveCfg = Debug|Any CPU
		{2B1C8946-7FBC-468F-9BC3-F37C021C84F1}.Debug|Any CPU.Build.0 = Debug|Any CPU
		{2B1C8946-7FBC-468F-9BC3-F37C021C84F1}.Release|Any CPU.ActiveCfg = Release|Any CPU
		{2B1C8946-7FBC-468F-9BC3-F37C021C84F1}.Release|Any CPU.Build.0 = Release|Any CPU
		{554127F4-5923-4DD8-8020-2B60108A4CCA}.Debug|Any CPU.ActiveCfg = Debug|Any CPU
		{554127F4-5923-4DD8-8020-2B60108A4CCA}.Debug|Any CPU.Build.0 = Debug|Any CPU
		{554127F4-5923-4DD8-8020-2B60108A4CCA}.Release|Any CPU.ActiveCfg = Release|Any CPU
		{554127F4-5923-4DD8-8020-2B60108A4CCA}.Release|Any CPU.Build.0 = Release|Any CPU
		{E31EDD84-17AA-4508-B378-408EAEFF42C7}.Debug|Any CPU.ActiveCfg = Debug|Any CPU
		{E31EDD84-17AA-4508-B378-408EAEFF42C7}.Debug|Any CPU.Build.0 = Debug|Any CPU
		{E31EDD84-17AA-4508-B378-408EAEFF42C7}.Release|Any CPU.ActiveCfg = Release|Any CPU
		{E31EDD84-17AA-4508-B378-408EAEFF42C7}.Release|Any CPU.Build.0 = Release|Any CPU
		{A29D122A-2D04-4375-91FF-B72E2A9C5CDA}.Debug|Any CPU.ActiveCfg = Debug|Any CPU
		{A29D122A-2D04-4375-91FF-B72E2A9C5CDA}.Debug|Any CPU.Build.0 = Debug|Any CPU
		{A29D122A-2D04-4375-91FF-B72E2A9C5CDA}.Release|Any CPU.ActiveCfg = Release|Any CPU
		{A29D122A-2D04-4375-91FF-B72E2A9C5CDA}.Release|Any CPU.Build.0 = Release|Any CPU
		{EC5A501F-C40E-4E04-84C2-47298610B6A0}.Debug|Any CPU.ActiveCfg = Debug|Any CPU
		{EC5A501F-C40E-4E04-84C2-47298610B6A0}.Debug|Any CPU.Build.0 = Debug|Any CPU
		{EC5A501F-C40E-4E04-84C2-47298610B6A0}.Release|Any CPU.ActiveCfg = Release|Any CPU
		{EC5A501F-C40E-4E04-84C2-47298610B6A0}.Release|Any CPU.Build.0 = Release|Any CPU
		{70872184-30B7-45D0-85A4-C2624F836554}.Debug|Any CPU.ActiveCfg = Debug|Any CPU
		{70872184-30B7-45D0-85A4-C2624F836554}.Debug|Any CPU.Build.0 = Debug|Any CPU
		{70872184-30B7-45D0-85A4-C2624F836554}.Release|Any CPU.ActiveCfg = Release|Any CPU
		{70872184-30B7-45D0-85A4-C2624F836554}.Release|Any CPU.Build.0 = Release|Any CPU
		{5A9771A4-12CD-4DBF-A75C-A99C1E30F4B2}.Debug|Any CPU.ActiveCfg = Debug|Any CPU
		{5A9771A4-12CD-4DBF-A75C-A99C1E30F4B2}.Debug|Any CPU.Build.0 = Debug|Any CPU
		{5A9771A4-12CD-4DBF-A75C-A99C1E30F4B2}.Release|Any CPU.ActiveCfg = Release|Any CPU
		{5A9771A4-12CD-4DBF-A75C-A99C1E30F4B2}.Release|Any CPU.Build.0 = Release|Any CPU
		{EFB1D5AC-0912-4316-80C9-A490493E5130}.Debug|Any CPU.ActiveCfg = Debug|Any CPU
		{EFB1D5AC-0912-4316-80C9-A490493E5130}.Debug|Any CPU.Build.0 = Debug|Any CPU
		{EFB1D5AC-0912-4316-80C9-A490493E5130}.Release|Any CPU.ActiveCfg = Release|Any CPU
		{EFB1D5AC-0912-4316-80C9-A490493E5130}.Release|Any CPU.Build.0 = Release|Any CPU
		{111EA1DF-0BB4-43B7-A591-C9C9E9E910BF}.Debug|Any CPU.ActiveCfg = Debug|Any CPU
		{111EA1DF-0BB4-43B7-A591-C9C9E9E910BF}.Debug|Any CPU.Build.0 = Debug|Any CPU
		{111EA1DF-0BB4-43B7-A591-C9C9E9E910BF}.Release|Any CPU.ActiveCfg = Release|Any CPU
		{111EA1DF-0BB4-43B7-A591-C9C9E9E910BF}.Release|Any CPU.Build.0 = Release|Any CPU
	EndGlobalSection
	GlobalSection(SolutionProperties) = preSolution
		HideSolutionNode = FALSE
	EndGlobalSection
	GlobalSection(NestedProjects) = preSolution
		{E71FE67B-9C05-4B07-AD0D-E73136579D7B} = {ADFA7FC5-A0EF-469E-8023-E4C2A4395FEC}
		{9648529D-2655-4684-9FEA-EE336DB2FC2A} = {E71FE67B-9C05-4B07-AD0D-E73136579D7B}
		{2B1C8946-7FBC-468F-9BC3-F37C021C84F1} = {2F57F1D6-49AE-416B-AF7F-F1132C839A96}
		{FCF17436-253A-4243-8EC8-5CB3B525175E} = {ADFA7FC5-A0EF-469E-8023-E4C2A4395FEC}
		{E31EDD84-17AA-4508-B378-408EAEFF42C7} = {FCF17436-253A-4243-8EC8-5CB3B525175E}
		{01503D66-23BE-4742-B6AD-AB17FE74430E} = {ADFA7FC5-A0EF-469E-8023-E4C2A4395FEC}
		{A29D122A-2D04-4375-91FF-B72E2A9C5CDA} = {01503D66-23BE-4742-B6AD-AB17FE74430E}
		{B2D3CC36-DB06-425D-B764-6C4831B0491D} = {ADFA7FC5-A0EF-469E-8023-E4C2A4395FEC}
		{EC5A501F-C40E-4E04-84C2-47298610B6A0} = {B2D3CC36-DB06-425D-B764-6C4831B0491D}
		{70872184-30B7-45D0-85A4-C2624F836554} = {B2D3CC36-DB06-425D-B764-6C4831B0491D}
		{5A9771A4-12CD-4DBF-A75C-A99C1E30F4B2} = {B2D3CC36-DB06-425D-B764-6C4831B0491D}
		{EFB1D5AC-0912-4316-80C9-A490493E5130} = {B2D3CC36-DB06-425D-B764-6C4831B0491D}
		{111EA1DF-0BB4-43B7-A591-C9C9E9E910BF} = {2F57F1D6-49AE-416B-AF7F-F1132C839A96}
	EndGlobalSection
	GlobalSection(ExtensibilityGlobals) = postSolution
		SolutionGuid = {88691493-6508-468C-B164-147C362C68EE}
	EndGlobalSection
EndGlobal
